
Microsoft Visual Studio Solution File, Format Version 12.00
# Visual Studio Version 17
VisualStudioVersion = 17.14.36408.4 d17.14
MinimumVisualStudioVersion = 10.0.40219.1
Project("{FAE04EC0-301F-11D3-BF4B-00C04F79EFBC}") = "Actividad_1", "Actividad_1.csproj", "{3FF88F2C-D7EC-4EB8-9CFD-C34BEF512522}"
EndProject
Global
	GlobalSection(SolutionConfigurationPlatforms) = preSolution
		Debug|Any CPU = Debug|Any CPU
		Release|Any CPU = Release|Any CPU
	EndGlobalSection
	GlobalSection(ProjectConfigurationPlatforms) = postSolution
		{3FF88F2C-D7EC-4EB8-9CFD-C34BEF512522}.Debug|Any CPU.ActiveCfg = Debug|Any CPU
		{3FF88F2C-D7EC-4EB8-9CFD-C34BEF512522}.Debug|Any CPU.Build.0 = Debug|Any CPU
		{3FF88F2C-D7EC-4EB8-9CFD-C34BEF512522}.Release|Any CPU.ActiveCfg = Release|Any CPU
		{3FF88F2C-D7EC-4EB8-9CFD-C34BEF512522}.Release|Any CPU.Build.0 = Release|Any CPU
	EndGlobalSection
	GlobalSection(SolutionProperties) = preSolution
		HideSolutionNode = FALSE
	EndGlobalSection
	GlobalSection(ExtensibilityGlobals) = postSolution
		SolutionGuid = {30B798FC-DD96-41E3-8164-06BEDB67E514}
	EndGlobalSection
EndGlobal
